
Microsoft Visual Studio Solution File, Format Version 12.00
# Visual Studio Version 17
VisualStudioVersion = 17.11.35222.181
MinimumVisualStudioVersion = 10.0.40219.1
Project("{8BC9CEB8-8B4A-11D0-8D11-00A0C91BC942}") = "HelloCpp", "HelloCpp\HelloCpp.vcxproj", "{D7DF7BF1-380F-44C9-B49D-F3BE9E0C646F}"
EndProject
Global
	GlobalSection(SolutionConfigurationPlatforms) = preSolution
		Debug|x64 = Debug|x64
		Debug|x86 = Debug|x86
		Release|x64 = Release|x64
		Release|x86 = Release|x86
	EndGlobalSection
	GlobalSection(ProjectConfigurationPlatforms) = postSolution
		{D7DF7BF1-380F-44C9-B49D-F3BE9E0C646F}.Debug|x64.ActiveCfg = Debug|x64
		{D7DF7BF1-380F-44C9-B49D-F3BE9E0C646F}.Debug|x64.Build.0 = Debug|x64
		{D7DF7BF1-380F-44C9-B49D-F3BE9E0C646F}.Debug|x86.ActiveCfg = Debug|Win32
		{D7DF7BF1-380F-44C9-B49D-F3BE9E0C646F}.Debug|x86.Build.0 = Debug|Win32
		{D7DF7BF1-380F-44C9-B49D-F3BE9E0C646F}.Release|x64.ActiveCfg = Release|x64
		{D7DF7BF1-380F-44C9-B49D-F3BE9E0C646F}.Release|x64.Build.0 = Release|x64
		{D7DF7BF1-380F-44C9-B49D-F3BE9E0C646F}.Release|x86.ActiveCfg = Release|Win32
		{D7DF7BF1-380F-44C9-B49D-F3BE9E0C646F}.Release|x86.Build.0 = Release|Win32
	EndGlobalSection
	GlobalSection(SolutionProperties) = preSolution
		HideSolutionNode = FALSE
	EndGlobalSection
	GlobalSection(ExtensibilityGlobals) = postSolution
		SolutionGuid = {EC48CD8A-A91E-4A7D-A0AD-026D60F5313A}
	EndGlobalSection
EndGlobal
